# This file is automatically @generated by Poetry 1.8.2 and should not be changed by hand.

[[package]]
name = "m2crypto"
version = "0.38.0"
description = "M2Crypto: A Python crypto and SSL toolkit"
optional = false
python-versions = "*"
files = [
    {file = "M2Crypto-0.38.0.tar.gz", hash = "sha256:99f2260a30901c949a8dc6d5f82cd5312ffb8abc92e76633baf231bbbcb2decb"},
]

[metadata]
lock-version = "2.0"
python-versions = "^3.8"
content-hash = "92b9cb75967591353654f1be5061d7951da91bdf2e2a888c9382f963bde6d939"
