# This file is automatically @generated by Poetry 1.8.2 and should not be changed by hand.

[[package]]
name = "m2crypto"
version = "0.41.0"
description = "A Python crypto and SSL toolkit"
optional = false
python-versions = "*"
files = [
    {file = "M2Crypto-0.41.0.tar.gz", hash = "sha256:3a1358c7ee849046d91782a777f1786bf027a1c1d51b5faf8f19435bfc3f1495"},
]

[metadata]
lock-version = "2.0"
python-versions = "^3.8"
content-hash = "51f42452031a23e1db900cb37a2f3ced1b22c75ce6f89b8aa6a1b8965d9d6033"
